// !$*UTF8*$!
{
	archiveVersion = 1;
	classes = {
	};
	objectVersion = 46;
	objects = {

/* Begin PBXBuildFile section */
		C8006AD01DE35955005779DF /* AppDelegate.swift in Sources */ = {isa = PBXBuildFile; fileRef = C8006ACF1DE35955005779DF /* AppDelegate.swift */; };
		C8006AD21DE35955005779DF /* ViewController.swift in Sources */ = {isa = PBXBuildFile; fileRef = C8006AD11DE35955005779DF /* ViewController.swift */; };
		C8006AD51DE35955005779DF /* Main.storyboard in Resources */ = {isa = PBXBuildFile; fileRef = C8006AD31DE35955005779DF /* Main.storyboard */; };
		C8006AD71DE35955005779DF /* Assets.xcassets in Resources */ = {isa = PBXBuildFile; fileRef = C8006AD61DE35955005779DF /* Assets.xcassets */; };
		C8006ADA1DE35955005779DF /* LaunchScreen.storyboard in Resources */ = {isa = PBXBuildFile; fileRef = C8006AD81DE35955005779DF /* LaunchScreen.storyboard */; };
/* End PBXBuildFile section */

/* Begin PBXFileReference section */
		C8006ACC1DE35955005779DF /* nauka2TableView.app */ = {isa = PBXFileReference; explicitFileType = wrapper.application; includeInIndex = 0; path = nauka2TableView.app; sourceTree = BUILT_PRODUCTS_DIR; };
		C8006ACF1DE35955005779DF /* AppDelegate.swift */ = {isa = PBXFileReference; lastKnownFileType = sourcecode.swift; path = AppDelegate.swift; sourceTree = "<group>"; };
		C8006AD11DE35955005779DF /* ViewController.swift */ = {isa = PBXFileReference; lastKnownFileType = sourcecode.swift; path = ViewController.swift; sourceTree = "<group>"; };
		C8006AD41DE35955005779DF /* Base */ = {isa = PBXFileReference; lastKnownFileType = file.storyboard; name = Base; path = Base.lproj/Main.storyboard; sourceTree = "<group>"; };
		C8006AD61DE35955005779DF /* Assets.xcassets */ = {isa = PBXFileReference; lastKnownFileType = folder.assetcatalog; path = Assets.xcassets; sourceTree = "<group>"; };
		C8006AD91DE35955005779DF /* Base */ = {isa = PBXFileReference; lastKnownFileType = file.storyboard; name = Base; path = Base.lproj/LaunchScreen.storyboard; sourceTree = "<group>"; };
		C8006ADB1DE35955005779DF /* Info.plist */ = {isa = PBXFileReference; lastKnownFileType = text.plist.xml; path = Info.plist; sourceTree = "<group>"; };
/* End PBXFileReference section */

/* Begin PBXFrameworksBuildPhase section */
		C8006AC91DE35955005779DF /* Frameworks */ = {
			isa = PBXFrameworksBuildPhase;
			buildActionMask = 2147483647;
			files = (
			);
			runOnlyForDeploymentPostprocessing = 0;
		};
/* End PBXFrameworksBuildPhase section */

/* Begin PBXGroup section */
		C8006AC31DE35955005779DF = {
			isa = PBXGroup;
			children = (
				C8006ACE1DE35955005779DF /* nauka2TableView */,
				C8006ACD1DE35955005779DF /* Products */,
			);
			sourceTree = "<group>";
		};
		C8006ACD1DE35955005779DF /* Products */ = {
			isa = PBXGroup;
			children = (
				C8006ACC1DE35955005779DF /* nauka2TableView.app */,
			);
			name = Products;
			sourceTree = "<group>";
		};
		C8006ACE1DE35955005779DF /* nauka2TableView */ = {
			isa = PBXGroup;
			children = (
				C8006ACF1DE35955005779DF /* AppDelegate.swift */,
				C8006AD11DE35955005779DF /* ViewController.swift */,
				C8006AD31DE35955005779DF /* Main.storyboard */,
				C8006AD61DE35955005779DF /* Assets.xcassets */,
				C8006AD81DE35955005779DF /* LaunchScreen.storyboard */,
				C8006ADB1DE35955005779DF /* Info.plist */,
			);
			path = nauka2TableView;
			sourceTree = "<group>";
		};
/* End PBXGroup section */

/* Begin PBXNativeTarget section */
		C8006ACB1DE35955005779DF /* nauka2TableView */ = {
			isa = PBXNativeTarget;
			buildConfigurationList = C8006ADE1DE35955005779DF /* Build configuration list for PBXNativeTarget "nauka2TableView" */;
			buildPhases = (
				C8006AC81DE35955005779DF /* Sources */,
				C8006AC91DE35955005779DF /* Frameworks */,
				C8006ACA1DE35955005779DF /* Resources */,
			);
			buildRules = (
			);
			dependencies = (
			);
			name = nauka2TableView;
			productName = nauka2TableView;
			productReference = C8006ACC1DE35955005779DF /* nauka2TableView.app */;
			productType = "com.apple.product-type.application";
		};
/* End PBXNativeTarget section */

/* Begin PBXProject section */
		C8006AC41DE35955005779DF /* Project object */ = {
			isa = PBXProject;
			attributes = {
				LastSwiftUpdateCheck = 0810;
				LastUpgradeCheck = 0810;
				ORGANIZATIONNAME = "Paweł Liczmański";
				TargetAttributes = {
					C8006ACB1DE35955005779DF = {
						CreatedOnToolsVersion = 8.1;
						DevelopmentTeam = DBAJNSTG63;
						ProvisioningStyle = Automatic;
					};
				};
			};
			buildConfigurationList = C8006AC71DE35955005779DF /* Build configuration list for PBXProject "nauka2TableView" */;
			compatibilityVersion = "Xcode 3.2";
			developmentRegion = English;
			hasScannedForEncodings = 0;
			knownRegions = (
				en,
				Base,
			);
			mainGroup = C8006AC31DE35955005779DF;
			productRefGroup = C8006ACD1DE35955005779DF /* Products */;
			projectDirPath = "";
			projectRoot = "";
			targets = (
				C8006ACB1DE35955005779DF /* nauka2TableView */,
			);
		};
/* End PBXProject section */

/* Begin PBXResourcesBuildPhase section */
		C8006ACA1DE35955005779DF /* Resources */ = {
			isa = PBXResourcesBuildPhase;
			buildActionMask = 2147483647;
			files = (
				C8006ADA1DE35955005779DF /* LaunchScreen.storyboard in Resources */,
				C8006AD71DE35955005779DF /* Assets.xcassets in Resources */,
				C8006AD51DE35955005779DF /* Main.storyboard in Resources */,
			);
			runOnlyForDeploymentPostprocessing = 0;
		};
/* End PBXResourcesBuildPhase section */

/* Begin PBXSourcesBuildPhase section */
		C8006AC81DE35955005779DF /* Sources */ = {
			isa = PBXSourcesBuildPhase;
			buildActionMask = 2147483647;
			files = (
				C8006AD21DE35955005779DF /* ViewController.swift in Sources */,
				C8006AD01DE35955005779DF /* AppDelegate.swift in Sources */,
			);
			runOnlyForDeploymentPostprocessing = 0;
		};
/* End PBXSourcesBuildPhase section */

/* Begin PBXVariantGroup section */
		C8006AD31DE35955005779DF /* Main.storyboard */ = {
			isa = PBXVariantGroup;
			children = (
				C8006AD41DE35955005779DF /* Base */,
			);
			name = Main.storyboard;
			sourceTree = "<group>";
		};
		C8006AD81DE35955005779DF /* LaunchScreen.storyboard */ = {
			isa = PBXVariantGroup;
			children = (
				C8006AD91DE35955005779DF /* Base */,
			);
			name = LaunchScreen.storyboard;
			sourceTree = "<group>";
		};
/* End PBXVariantGroup section */

/* Begin XCBuildConfiguration section */
		C8006ADC1DE35955005779DF /* Debug */ = {
			isa = XCBuildConfiguration;
			buildSettings = {
				ALWAYS_SEARCH_USER_PATHS = NO;
				CLANG_ANALYZER_NONNULL = YES;
				CLANG_CXX_LANGUAGE_STANDARD = "gnu++0x";
				CLANG_CXX_LIBRARY = "libc++";
				CLANG_ENABLE_MODULES = YES;
				CLANG_ENABLE_OBJC_ARC = YES;
				CLANG_WARN_BOOL_CONVERSION = YES;
				CLANG_WARN_CONSTANT_CONVERSION = YES;
				CLANG_WARN_DIRECT_OBJC_ISA_USAGE = YES_ERROR;
				CLANG_WARN_DOCUMENTATION_COMMENTS = YES;
				CLANG_WARN_EMPTY_BODY = YES;
				CLANG_WARN_ENUM_CONVERSION = YES;
				CLANG_WARN_INFINITE_RECURSION = YES;
				CLANG_WARN_INT_CONVERSION = YES;
				CLANG_WARN_OBJC_ROOT_CLASS = YES_ERROR;
				CLANG_WARN_SUSPICIOUS_MOVES = YES;
				CLANG_WARN_UNREACHABLE_CODE = YES;
				CLANG_WARN__DUPLICATE_METHOD_MATCH = YES;
				"CODE_SIGN_IDENTITY[sdk=iphoneos*]" = "iPhone Developer";
				COPY_PHASE_STRIP = NO;
				DEBUG_INFORMATION_FORMAT = dwarf;
				ENABLE_STRICT_OBJC_MSGSEND = YES;
				ENABLE_TESTABILITY = YES;
				GCC_C_LANGUAGE_STANDARD = gnu99;
				GCC_DYNAMIC_NO_PIC = NO;
				GCC_NO_COMMON_BLOCKS = YES;
				GCC_OPTIMIZATION_LEVEL = 0;
				GCC_PREPROCESSOR_DEFINITIONS = (
					"DEBUG=1",
					"$(inherited)",
				);
				GCC_WARN_64_TO_32_BIT_CONVERSION = YES;
				GCC_WARN_ABOUT_RETURN_TYPE = YES_ERROR;
				GCC_WARN_UNDECLARED_SELECTOR = YES;
				GCC_WARN_UNINITIALIZED_AUTOS = YES_AGGRESSIVE;
				GCC_WARN_UNUSED_FUNCTION = YES;
				GCC_WARN_UNUSED_VARIABLE = YES;
				IPHONEOS_DEPLOYMENT_TARGET = 10.1;
				MTL_ENABLE_DEBUG_INFO = YES;
				ONLY_ACTIVE_ARCH = YES;
				SDKROOT = iphoneos;
				SWIFT_ACTIVE_COMPILATION_CONDITIONS = DEBUG;
				SWIFT_OPTIMIZATION_LEVEL = "-Onone";
			};
			name = Debug;
		};
		C8006ADD1DE35955005779DF /* Release */ = {
			isa = XCBuildConfiguration;
			buildSettings = {
				ALWAYS_SEARCH_USER_PATHS = NO;
				CLANG_ANALYZER_NONNULL = YES;
				CLANG_CXX_LANGUAGE_STANDARD = "gnu++0x";
				CLANG_CXX_LIBRARY = "libc++";
				CLANG_ENABLE_MODULES = YES;
				CLANG_ENABLE_OBJC_ARC = YES;
				CLANG_WARN_BOOL_CONVERSION = YES;
				CLANG_WARN_CONSTANT_CONVERSION = YES;
				CLANG_WARN_DIRECT_OBJC_ISA_USAGE = YES_ERROR;
				CLANG_WARN_DOCUMENTATION_COMMENTS = YES;
				CLANG_WARN_EMPTY_BODY = YES;
				CLANG_WARN_ENUM_CONVERSION = YES;
				CLANG_WARN_INFINITE_RECURSION = YES;
				CLANG_WARN_INT_CONVERSION = YES;
				CLANG_WARN_OBJC_ROOT_CLASS = YES_ERROR;
				CLANG_WARN_SUSPICIOUS_MOVES = YES;
				CLANG_WARN_UNREACHABLE_CODE = YES;
				CLANG_WARN__DUPLICATE_METHOD_MATCH = YES;
				"CODE_SIGN_IDENTITY[sdk=iphoneos*]" = "iPhone Developer";
				COPY_PHASE_STRIP = NO;
				DEBUG_INFORMATION_FORMAT = "dwarf-with-dsym";
				ENABLE_NS_ASSERTIONS = NO;
				ENABLE_STRICT_OBJC_MSGSEND = YES;
				GCC_C_LANGUAGE_STANDARD = gnu99;
				GCC_NO_COMMON_BLOCKS = YES;
				GCC_WARN_64_TO_32_BIT_CONVERSION = YES;
				GCC_WARN_ABOUT_RETURN_TYPE = YES_ERROR;
				GCC_WARN_UNDECLARED_SELECTOR = YES;
				GCC_WARN_UNINITIALIZED_AUTOS = YES_AGGRESSIVE;
				GCC_WARN_UNUSED_FUNCTION = YES;
				GCC_WARN_UNUSED_VARIABLE = YES;
				IPHONEOS_DEPLOYMENT_TARGET = 10.1;
				MTL_ENABLE_DEBUG_INFO = NO;
				SDKROOT = iphoneos;
				SWIFT_OPTIMIZATION_LEVEL = "-Owholemodule";
				VALIDATE_PRODUCT = YES;
			};
			name = Release;
		};
		C8006ADF1DE35955005779DF /* Debug */ = {
			isa = XCBuildConfiguration;
			buildSettings = {
				ASSETCATALOG_COMPILER_APPICON_NAME = AppIcon;
				DEVELOPMENT_TEAM = DBAJNSTG63;
				INFOPLIST_FILE = nauka2TableView/Info.plist;
				LD_RUNPATH_SEARCH_PATHS = "$(inherited) @executable_path/Frameworks";
				PRODUCT_BUNDLE_IDENTIFIER = com.pawelliczmanski.nauka2TableView;
				PRODUCT_NAME = "$(TARGET_NAME)";
				SWIFT_VERSION = 3.0;
			};
			name = Debug;
		};
		C8006AE01DE35955005779DF /* Release */ = {
			isa = XCBuildConfiguration;
			buildSettings = {
				ASSETCATALOG_COMPILER_APPICON_NAME = AppIcon;
				DEVELOPMENT_TEAM = DBAJNSTG63;
				INFOPLIST_FILE = nauka2TableView/Info.plist;
				LD_RUNPATH_SEARCH_PATHS = "$(inherited) @executable_path/Frameworks";
				PRODUCT_BUNDLE_IDENTIFIER = com.pawelliczmanski.nauka2TableView;
				PRODUCT_NAME = "$(TARGET_NAME)";
				SWIFT_VERSION = 3.0;
			};
			name = Release;
		};
/* End XCBuildConfiguration section */

/* Begin XCConfigurationList section */
		C8006AC71DE35955005779DF /* Build configuration list for PBXProject "nauka2TableView" */ = {
			isa = XCConfigurationList;
			buildConfigurations = (
				C8006ADC1DE35955005779DF /* Debug */,
				C8006ADD1DE35955005779DF /* Release */,
			);
			defaultConfigurationIsVisible = 0;
			defaultConfigurationName = Release;
		};
		C8006ADE1DE35955005779DF /* Build configuration list for PBXNativeTarget "nauka2TableView" */ = {
			isa = XCConfigurationList;
			buildConfigurations = (
				C8006ADF1DE35955005779DF /* Debug */,
				C8006AE01DE35955005779DF /* Release */,
			);
			defaultConfigurationIsVisible = 0;
		};
/* End XCConfigurationList section */
	};
	rootObject = C8006AC41DE35955005779DF /* Project object */;
}
